
Microsoft Visual Studio Solution File, Format Version 12.00
# Visual Studio 15
VisualStudioVersion = 15.0.36617.4
MinimumVisualStudioVersion = 10.0.40219.1
Project("{FAE04EC0-301F-11D3-BF4B-00C04F79EFBC}") = "M.A Florencio Dental Records", "M.A Florencio Dental Records\M.A Florencio Dental Records.csproj", "{5D1463AE-AEDC-4214-BCD9-50D730BBC49E}"
EndProject
Global
	GlobalSection(SolutionConfigurationPlatforms) = preSolution
		Debug|Any CPU = Debug|Any CPU
		Release|Any CPU = Release|Any CPU
	EndGlobalSection
	GlobalSection(ProjectConfigurationPlatforms) = postSolution
		{5D1463AE-AEDC-4214-BCD9-50D730BBC49E}.Debug|Any CPU.ActiveCfg = Debug|Any CPU
		{5D1463AE-AEDC-4214-BCD9-50D730BBC49E}.Debug|Any CPU.Build.0 = Debug|Any CPU
		{5D1463AE-AEDC-4214-BCD9-50D730BBC49E}.Release|Any CPU.ActiveCfg = Release|Any CPU
		{5D1463AE-AEDC-4214-BCD9-50D730BBC49E}.Release|Any CPU.Build.0 = Release|Any CPU
	EndGlobalSection
	GlobalSection(SolutionProperties) = preSolution
		HideSolutionNode = FALSE
	EndGlobalSection
	GlobalSection(ExtensibilityGlobals) = postSolution
		SolutionGuid = {2DD6F5A3-1C7F-4B5A-BEF5-7032976F4B16}
	EndGlobalSection
EndGlobal
